
Microsoft Visual Studio Solution File, Format Version 12.00
# Visual Studio Version 17
VisualStudioVersion = 17.8.34511.84
MinimumVisualStudioVersion = 10.0.40219.1
Project("{9A19103F-16F7-4668-BE54-9A1E7A4F7556}") = "EmployeeInfo.Web", "EmployeeInfo\EmployeeInfo.Web.csproj", "{9AEC168F-D8CF-4E82-BC01-2BB06C43CCBD}"
EndProject
Project("{FAE04EC0-301F-11D3-BF4B-00C04F79EFBC}") = "EmployeeInfo.Entities", "EmployeeInfo.Entities\EmployeeInfo.Entities.csproj", "{76B78A26-F890-43AC-83D4-CFC192B48601}"
EndProject
Project("{FAE04EC0-301F-11D3-BF4B-00C04F79EFBC}") = "EmployeeInfo.Repository", "EmployeeInfo.Repository\EmployeeInfo.Repository.csproj", "{F6F7E73A-042B-4BFF-9187-560B689180E6}"
EndProject
Project("{FAE04EC0-301F-11D3-BF4B-00C04F79EFBC}") = "EmployeeInfo.Service", "EmployeeInfo.Service\EmployeeInfo.Service.csproj", "{71DD167C-348C-494B-AA44-DEE23A7B8F6A}"
EndProject
Global
	GlobalSection(SolutionConfigurationPlatforms) = preSolution
		Debug|Any CPU = Debug|Any CPU
		Release|Any CPU = Release|Any CPU
	EndGlobalSection
	GlobalSection(ProjectConfigurationPlatforms) = postSolution
		{9AEC168F-D8CF-4E82-BC01-2BB06C43CCBD}.Debug|Any CPU.ActiveCfg = Debug|Any CPU
		{9AEC168F-D8CF-4E82-BC01-2BB06C43CCBD}.Debug|Any CPU.Build.0 = Debug|Any CPU
		{9AEC168F-D8CF-4E82-BC01-2BB06C43CCBD}.Release|Any CPU.ActiveCfg = Release|Any CPU
		{9AEC168F-D8CF-4E82-BC01-2BB06C43CCBD}.Release|Any CPU.Build.0 = Release|Any CPU
		{76B78A26-F890-43AC-83D4-CFC192B48601}.Debug|Any CPU.ActiveCfg = Debug|Any CPU
		{76B78A26-F890-43AC-83D4-CFC192B48601}.Debug|Any CPU.Build.0 = Debug|Any CPU
		{76B78A26-F890-43AC-83D4-CFC192B48601}.Release|Any CPU.ActiveCfg = Release|Any CPU
		{76B78A26-F890-43AC-83D4-CFC192B48601}.Release|Any CPU.Build.0 = Release|Any CPU
		{F6F7E73A-042B-4BFF-9187-560B689180E6}.Debug|Any CPU.ActiveCfg = Debug|Any CPU
		{F6F7E73A-042B-4BFF-9187-560B689180E6}.Debug|Any CPU.Build.0 = Debug|Any CPU
		{F6F7E73A-042B-4BFF-9187-560B689180E6}.Release|Any CPU.ActiveCfg = Release|Any CPU
		{F6F7E73A-042B-4BFF-9187-560B689180E6}.Release|Any CPU.Build.0 = Release|Any CPU
		{71DD167C-348C-494B-AA44-DEE23A7B8F6A}.Debug|Any CPU.ActiveCfg = Debug|Any CPU
		{71DD167C-348C-494B-AA44-DEE23A7B8F6A}.Debug|Any CPU.Build.0 = Debug|Any CPU
		{71DD167C-348C-494B-AA44-DEE23A7B8F6A}.Release|Any CPU.ActiveCfg = Release|Any CPU
		{71DD167C-348C-494B-AA44-DEE23A7B8F6A}.Release|Any CPU.Build.0 = Release|Any CPU
	EndGlobalSection
	GlobalSection(SolutionProperties) = preSolution
		HideSolutionNode = FALSE
	EndGlobalSection
	GlobalSection(ExtensibilityGlobals) = postSolution
		SolutionGuid = {F92DFCAA-6DCE-4BAC-B983-1F29FDF7C65C}
	EndGlobalSection
EndGlobal
